// !$*UTF8*$!
{
	archiveVersion = 1;
	classes = {
	};
	objectVersion = 77;
	objects = {

/* Begin PBXBuildFile section */
		4D89CFCF96E3FB55E832D2BA /* Iris in Frameworks */ = {isa = PBXBuildFile; productRef = 84EFA449EACA2541C2389306 /* Iris */; };
		F032270265B52D8A1753605B /* IrisDemoApp.swift in Sources */ = {isa = PBXBuildFile; fileRef = D947DE2C03C8F833FE5A6504 /* IrisDemoApp.swift */; };
		F96572CAC6A233269735DD65 /* ContentView.swift in Sources */ = {isa = PBXBuildFile; fileRef = 4970A953E903804A3695D45C /* ContentView.swift */; };
/* End PBXBuildFile section */

/* Begin PBXFileReference section */
		17707A3453F5D14DDD71F4D3 /* Shared.xcconfig */ = {isa = PBXFileReference; lastKnownFileType = text.xcconfig; path = Shared.xcconfig; sourceTree = "<group>"; };
		360FCF5AEE6D0C2D8F30112E /* IrisDemo-iOS.app */ = {isa = PBXFileReference; includeInIndex = 0; lastKnownFileType = wrapper.application; path = "IrisDemo-iOS.app"; sourceTree = BUILT_PRODUCTS_DIR; };
		4970A953E903804A3695D45C /* ContentView.swift */ = {isa = PBXFileReference; lastKnownFileType = sourcecode.swift; path = ContentView.swift; sourceTree = "<group>"; };
		959DC1C5F47E1C727F01FF89 /* iris */ = {isa = PBXFileReference; lastKnownFileType = folder; name = iris; path = ..; sourceTree = SOURCE_ROOT; };
		D947DE2C03C8F833FE5A6504 /* IrisDemoApp.swift */ = {isa = PBXFileReference; lastKnownFileType = sourcecode.swift; path = IrisDemoApp.swift; sourceTree = "<group>"; };
/* End PBXFileReference section */

/* Begin PBXFrameworksBuildPhase section */
		4EBC64AE8371EF0783426A72 /* Frameworks */ = {
			isa = PBXFrameworksBuildPhase;
			buildActionMask = 2147483647;
			files = (
				4D89CFCF96E3FB55E832D2BA /* Iris in Frameworks */,
			);
			runOnlyForDeploymentPostprocessing = 0;
		};
/* End PBXFrameworksBuildPhase section */

/* Begin PBXGroup section */
		43150736F9807BE6EA414C02 = {
			isa = PBXGroup;
			children = (
				F23A23A355D58647783B3CEF /* IrisDemo-iOS */,
				9F41EF6DD124EA8EAD34A3C5 /* Packages */,
				A7B5526A9A66EF4BB97C1EC4 /* Products */,
			);
			sourceTree = "<group>";
		};
		9F41EF6DD124EA8EAD34A3C5 /* Packages */ = {
			isa = PBXGroup;
			children = (
				959DC1C5F47E1C727F01FF89 /* iris */,
			);
			name = Packages;
			sourceTree = "<group>";
		};
		A7B5526A9A66EF4BB97C1EC4 /* Products */ = {
			isa = PBXGroup;
			children = (
				360FCF5AEE6D0C2D8F30112E /* IrisDemo-iOS.app */,
			);
			name = Products;
			sourceTree = "<group>";
		};
		F23A23A355D58647783B3CEF /* IrisDemo-iOS */ = {
			isa = PBXGroup;
			children = (
				4970A953E903804A3695D45C /* ContentView.swift */,
				D947DE2C03C8F833FE5A6504 /* IrisDemoApp.swift */,
				17707A3453F5D14DDD71F4D3 /* Shared.xcconfig */,
			);
			path = "IrisDemo-iOS";
			sourceTree = "<group>";
		};
/* End PBXGroup section */

/* Begin PBXNativeTarget section */
		680E84A86B3894BDADCF8299 /* IrisDemo-iOS */ = {
			isa = PBXNativeTarget;
			buildConfigurationList = 386A93D3E0DD2CFDEB79CEA3 /* Build configuration list for PBXNativeTarget "IrisDemo-iOS" */;
			buildPhases = (
				7E5142CB2BDB3E43FC7E7E0F /* Sources */,
				4EBC64AE8371EF0783426A72 /* Frameworks */,
			);
			buildRules = (
			);
			dependencies = (
			);
			name = "IrisDemo-iOS";
			packageProductDependencies = (
				84EFA449EACA2541C2389306 /* Iris */,
			);
			productName = "IrisDemo-iOS";
			productReference = 360FCF5AEE6D0C2D8F30112E /* IrisDemo-iOS.app */;
			productType = "com.apple.product-type.application";
		};
/* End PBXNativeTarget section */

/* Begin PBXProject section */
		DE78AEB1C83BA8E867257617 /* Project object */ = {
			isa = PBXProject;
			attributes = {
				BuildIndependentTargetsInParallel = YES;
				LastUpgradeCheck = 1430;
				TargetAttributes = {
					680E84A86B3894BDADCF8299 = {
						ProvisioningStyle = Automatic;
					};
				};
			};
			buildConfigurationList = 3780BE33365C2DF2766D50E7 /* Build configuration list for PBXProject "IrisDemo-iOS" */;
			developmentRegion = en;
			hasScannedForEncodings = 0;
			knownRegions = (
				Base,
				en,
			);
			mainGroup = 43150736F9807BE6EA414C02;
			minimizedProjectReferenceProxies = 1;
			packageReferences = (
				52FE136B5492A61E150A87C6 /* XCLocalSwiftPackageReference ".." */,
			);
			preferredProjectObjectVersion = 77;
			productRefGroup = A7B5526A9A66EF4BB97C1EC4 /* Products */;
			projectDirPath = "";
			projectRoot = "";
			targets = (
				680E84A86B3894BDADCF8299 /* IrisDemo-iOS */,
			);
		};
/* End PBXProject section */

/* Begin PBXSourcesBuildPhase section */
		7E5142CB2BDB3E43FC7E7E0F /* Sources */ = {
			isa = PBXSourcesBuildPhase;
			buildActionMask = 2147483647;
			files = (
				F96572CAC6A233269735DD65 /* ContentView.swift in Sources */,
				F032270265B52D8A1753605B /* IrisDemoApp.swift in Sources */,
			);
			runOnlyForDeploymentPostprocessing = 0;
		};
/* End PBXSourcesBuildPhase section */

/* Begin XCBuildConfiguration section */
		2F78F8EFB173DE3327CB5A9E /* Release */ = {
			isa = XCBuildConfiguration;
			buildSettings = {
				ALWAYS_SEARCH_USER_PATHS = NO;
				CLANG_ANALYZER_NONNULL = YES;
				CLANG_ANALYZER_NUMBER_OBJECT_CONVERSION = YES_AGGRESSIVE;
				CLANG_CXX_LANGUAGE_STANDARD = "gnu++14";
				CLANG_CXX_LIBRARY = "libc++";
				CLANG_ENABLE_MODULES = YES;
				CLANG_ENABLE_OBJC_ARC = YES;
				CLANG_ENABLE_OBJC_WEAK = YES;
				CLANG_WARN_BLOCK_CAPTURE_AUTORELEASING = YES;
				CLANG_WARN_BOOL_CONVERSION = YES;
				CLANG_WARN_COMMA = YES;
				CLANG_WARN_CONSTANT_CONVERSION = YES;
				CLANG_WARN_DEPRECATED_OBJC_IMPLEMENTATIONS = YES;
				CLANG_WARN_DIRECT_OBJC_ISA_USAGE = YES_ERROR;
				CLANG_WARN_DOCUMENTATION_COMMENTS = YES;
				CLANG_WARN_EMPTY_BODY = YES;
				CLANG_WARN_ENUM_CONVERSION = YES;
				CLANG_WARN_INFINITE_RECURSION = YES;
				CLANG_WARN_INT_CONVERSION = YES;
				CLANG_WARN_NON_LITERAL_NULL_CONVERSION = YES;
				CLANG_WARN_OBJC_IMPLICIT_RETAIN_SELF = YES;
				CLANG_WARN_OBJC_LITERAL_CONVERSION = YES;
				CLANG_WARN_OBJC_ROOT_CLASS = YES_ERROR;
				CLANG_WARN_QUOTED_INCLUDE_IN_FRAMEWORK_HEADER = YES;
				CLANG_WARN_RANGE_LOOP_ANALYSIS = YES;
				CLANG_WARN_STRICT_PROTOTYPES = YES;
				CLANG_WARN_SUSPICIOUS_MOVE = YES;
				CLANG_WARN_UNGUARDED_AVAILABILITY = YES_AGGRESSIVE;
				CLANG_WARN_UNREACHABLE_CODE = YES;
				CLANG_WARN__DUPLICATE_METHOD_MATCH = YES;
				COPY_PHASE_STRIP = NO;
				DEBUG_INFORMATION_FORMAT = "dwarf-with-dsym";
				ENABLE_NS_ASSERTIONS = NO;
				ENABLE_STRICT_OBJC_MSGSEND = YES;
				GCC_C_LANGUAGE_STANDARD = gnu11;
				GCC_NO_COMMON_BLOCKS = YES;
				GCC_WARN_64_TO_32_BIT_CONVERSION = YES;
				GCC_WARN_ABOUT_RETURN_TYPE = YES_ERROR;
				GCC_WARN_UNDECLARED_SELECTOR = YES;
				GCC_WARN_UNINITIALIZED_AUTOS = YES_AGGRESSIVE;
				GCC_WARN_UNUSED_FUNCTION = YES;
				GCC_WARN_UNUSED_VARIABLE = YES;
				IPHONEOS_DEPLOYMENT_TARGET = 26.0;
				MTL_ENABLE_DEBUG_INFO = NO;
				MTL_FAST_MATH = YES;
				PRODUCT_NAME = "$(TARGET_NAME)";
				SDKROOT = iphoneos;
				SWIFT_COMPILATION_MODE = wholemodule;
				SWIFT_OPTIMIZATION_LEVEL = "-O";
				SWIFT_VERSION = 5.0;
			};
			name = Release;
		};
		47D84C8917B359DF6EF8585D /* Debug */ = {
			isa = XCBuildConfiguration;
			buildSettings = {
				ALWAYS_SEARCH_USER_PATHS = NO;
				CLANG_ANALYZER_NONNULL = YES;
				CLANG_ANALYZER_NUMBER_OBJECT_CONVERSION = YES_AGGRESSIVE;
				CLANG_CXX_LANGUAGE_STANDARD = "gnu++14";
				CLANG_CXX_LIBRARY = "libc++";
				CLANG_ENABLE_MODULES = YES;
				CLANG_ENABLE_OBJC_ARC = YES;
				CLANG_ENABLE_OBJC_WEAK = YES;
				CLANG_WARN_BLOCK_CAPTURE_AUTORELEASING = YES;
				CLANG_WARN_BOOL_CONVERSION = YES;
				CLANG_WARN_COMMA = YES;
				CLANG_WARN_CONSTANT_CONVERSION = YES;
				CLANG_WARN_DEPRECATED_OBJC_IMPLEMENTATIONS = YES;
				CLANG_WARN_DIRECT_OBJC_ISA_USAGE = YES_ERROR;
				CLANG_WARN_DOCUMENTATION_COMMENTS = YES;
				CLANG_WARN_EMPTY_BODY = YES;
				CLANG_WARN_ENUM_CONVERSION = YES;
				CLANG_WARN_INFINITE_RECURSION = YES;
				CLANG_WARN_INT_CONVERSION = YES;
				CLANG_WARN_NON_LITERAL_NULL_CONVERSION = YES;
				CLANG_WARN_OBJC_IMPLICIT_RETAIN_SELF = YES;
				CLANG_WARN_OBJC_LITERAL_CONVERSION = YES;
				CLANG_WARN_OBJC_ROOT_CLASS = YES_ERROR;
				CLANG_WARN_QUOTED_INCLUDE_IN_FRAMEWORK_HEADER = YES;
				CLANG_WARN_RANGE_LOOP_ANALYSIS = YES;
				CLANG_WARN_STRICT_PROTOTYPES = YES;
				CLANG_WARN_SUSPICIOUS_MOVE = YES;
				CLANG_WARN_UNGUARDED_AVAILABILITY = YES_AGGRESSIVE;
				CLANG_WARN_UNREACHABLE_CODE = YES;
				CLANG_WARN__DUPLICATE_METHOD_MATCH = YES;
				COPY_PHASE_STRIP = NO;
				DEBUG_INFORMATION_FORMAT = dwarf;
				ENABLE_STRICT_OBJC_MSGSEND = YES;
				ENABLE_TESTABILITY = YES;
				GCC_C_LANGUAGE_STANDARD = gnu11;
				GCC_DYNAMIC_NO_PIC = NO;
				GCC_NO_COMMON_BLOCKS = YES;
				GCC_OPTIMIZATION_LEVEL = 0;
				GCC_PREPROCESSOR_DEFINITIONS = (
					"$(inherited)",
					"DEBUG=1",
				);
				GCC_WARN_64_TO_32_BIT_CONVERSION = YES;
				GCC_WARN_ABOUT_RETURN_TYPE = YES_ERROR;
				GCC_WARN_UNDECLARED_SELECTOR = YES;
				GCC_WARN_UNINITIALIZED_AUTOS = YES_AGGRESSIVE;
				GCC_WARN_UNUSED_FUNCTION = YES;
				GCC_WARN_UNUSED_VARIABLE = YES;
				IPHONEOS_DEPLOYMENT_TARGET = 26.0;
				MTL_ENABLE_DEBUG_INFO = INCLUDE_SOURCE;
				MTL_FAST_MATH = YES;
				ONLY_ACTIVE_ARCH = YES;
				PRODUCT_NAME = "$(TARGET_NAME)";
				SDKROOT = iphoneos;
				SWIFT_ACTIVE_COMPILATION_CONDITIONS = DEBUG;
				SWIFT_OPTIMIZATION_LEVEL = "-Onone";
				SWIFT_VERSION = 5.0;
			};
			name = Debug;
		};
		4EFE01BF438E6C73698010C1 /* Release */ = {
			isa = XCBuildConfiguration;
			baseConfigurationReference = 17707A3453F5D14DDD71F4D3 /* Shared.xcconfig */;
			buildSettings = {
				ASSETCATALOG_COMPILER_APPICON_NAME = AppIcon;
				CODE_SIGN_IDENTITY = "iPhone Developer";
				INFOPLIST_FILE = "IrisDemo-iOS/Info.plist";
				IPHONEOS_DEPLOYMENT_TARGET = 26.0;
				LD_RUNPATH_SEARCH_PATHS = (
					"$(inherited)",
					"@executable_path/Frameworks",
				);
				SDKROOT = iphoneos;
			};
			name = Release;
		};
		CAC6B98EEE72F74CF784DAF5 /* Debug */ = {
			isa = XCBuildConfiguration;
			baseConfigurationReference = 17707A3453F5D14DDD71F4D3 /* Shared.xcconfig */;
			buildSettings = {
				ASSETCATALOG_COMPILER_APPICON_NAME = AppIcon;
				CODE_SIGN_IDENTITY = "iPhone Developer";
				INFOPLIST_FILE = "IrisDemo-iOS/Info.plist";
				IPHONEOS_DEPLOYMENT_TARGET = 26.0;
				LD_RUNPATH_SEARCH_PATHS = (
					"$(inherited)",
					"@executable_path/Frameworks",
				);
				SDKROOT = iphoneos;
			};
			name = Debug;
		};
/* End XCBuildConfiguration section */

/* Begin XCConfigurationList section */
		3780BE33365C2DF2766D50E7 /* Build configuration list for PBXProject "IrisDemo-iOS" */ = {
			isa = XCConfigurationList;
			buildConfigurations = (
				47D84C8917B359DF6EF8585D /* Debug */,
				2F78F8EFB173DE3327CB5A9E /* Release */,
			);
			defaultConfigurationIsVisible = 0;
			defaultConfigurationName = Debug;
		};
		386A93D3E0DD2CFDEB79CEA3 /* Build configuration list for PBXNativeTarget "IrisDemo-iOS" */ = {
			isa = XCConfigurationList;
			buildConfigurations = (
				CAC6B98EEE72F74CF784DAF5 /* Debug */,
				4EFE01BF438E6C73698010C1 /* Release */,
			);
			defaultConfigurationIsVisible = 0;
			defaultConfigurationName = Debug;
		};
/* End XCConfigurationList section */

/* Begin XCLocalSwiftPackageReference section */
		52FE136B5492A61E150A87C6 /* XCLocalSwiftPackageReference ".." */ = {
			isa = XCLocalSwiftPackageReference;
			relativePath = ..;
		};
/* End XCLocalSwiftPackageReference section */

/* Begin XCSwiftPackageProductDependency section */
		84EFA449EACA2541C2389306 /* Iris */ = {
			isa = XCSwiftPackageProductDependency;
			productName = Iris;
		};
/* End XCSwiftPackageProductDependency section */
	};
	rootObject = DE78AEB1C83BA8E867257617 /* Project object */;
}
